
Microsoft Visual Studio Solution File, Format Version 12.00
# Visual Studio 2015
Project("{FAE04EC0-301F-11D3-BF4B-00C04F79EFBC}") = "karma_game_merged.CSharp.Plugins", "karma_game_merged.CSharp.Plugins.csproj", "{B60D6F93-0E9D-9383-8A89-94798924D353}"
EndProject
Project("{FAE04EC0-301F-11D3-BF4B-00C04F79EFBC}") = "karma_game_merged.CSharp", "karma_game_merged.CSharp.csproj", "{DA136618-5D85-B410-5A72-5BE31B59C3F7}"
EndProject
Global
	GlobalSection(SolutionConfigurationPlatforms) = preSolution
		Debug|Any CPU = Debug|Any CPU
		Release|Any CPU = Release|Any CPU
	EndGlobalSection
	GlobalSection(ProjectConfigurationPlatforms) = postSolution
		{B60D6F93-0E9D-9383-8A89-94798924D353}.Debug|Any CPU.ActiveCfg = Debug|Any CPU
		{B60D6F93-0E9D-9383-8A89-94798924D353}.Debug|Any CPU.Build.0 = Debug|Any CPU
		{B60D6F93-0E9D-9383-8A89-94798924D353}.Release|Any CPU.ActiveCfg = Release|Any CPU
		{B60D6F93-0E9D-9383-8A89-94798924D353}.Release|Any CPU.Build.0 = Release|Any CPU
		{DA136618-5D85-B410-5A72-5BE31B59C3F7}.Debug|Any CPU.ActiveCfg = Debug|Any CPU
		{DA136618-5D85-B410-5A72-5BE31B59C3F7}.Debug|Any CPU.Build.0 = Debug|Any CPU
		{DA136618-5D85-B410-5A72-5BE31B59C3F7}.Release|Any CPU.ActiveCfg = Release|Any CPU
		{DA136618-5D85-B410-5A72-5BE31B59C3F7}.Release|Any CPU.Build.0 = Release|Any CPU
	EndGlobalSection
	GlobalSection(SolutionProperties) = preSolution
		HideSolutionNode = FALSE
	EndGlobalSection
EndGlobal
