Microsoft Visual Studio Solution File, Format Version 11.00
# Visual Studio 2008

Project("{7482137E-98B2-E4BD-2B0B-7222303CE115}") = "Project-4-Merge", "Assembly-CSharp-firstpass.csproj", "{F2F5EF4E-48BF-E351-0D5D-609F9F78D544}"
EndProject
Project("{7482137E-98B2-E4BD-2B0B-7222303CE115}") = "Project-4-Merge", "Assembly-CSharp.csproj", "{4CF44D59-F9A3-8D8A-1560-9E1C9C3DAA1F}"
EndProject
Project("{7482137E-98B2-E4BD-2B0B-7222303CE115}") = "Project-4-Merge", "Assembly-CSharp-Editor.csproj", "{55CB3337-0D81-C8E4-C308-6C450141CF88}"
EndProject
Global
	GlobalSection(SolutionConfigurationPlatforms) = preSolution
		Debug|Any CPU = Debug|Any CPU
		Release|Any CPU = Release|Any CPU
	EndGlobalSection
	GlobalSection(ProjectConfigurationPlatforms) = postSolution
		{F2F5EF4E-48BF-E351-0D5D-609F9F78D544}.Debug|Any CPU.ActiveCfg = Debug|Any CPU
		{F2F5EF4E-48BF-E351-0D5D-609F9F78D544}.Debug|Any CPU.Build.0 = Debug|Any CPU
		{F2F5EF4E-48BF-E351-0D5D-609F9F78D544}.Release|Any CPU.ActiveCfg = Release|Any CPU
		{F2F5EF4E-48BF-E351-0D5D-609F9F78D544}.Release|Any CPU.Build.0 = Release|Any CPU
		{4CF44D59-F9A3-8D8A-1560-9E1C9C3DAA1F}.Debug|Any CPU.ActiveCfg = Debug|Any CPU
		{4CF44D59-F9A3-8D8A-1560-9E1C9C3DAA1F}.Debug|Any CPU.Build.0 = Debug|Any CPU
		{4CF44D59-F9A3-8D8A-1560-9E1C9C3DAA1F}.Release|Any CPU.ActiveCfg = Release|Any CPU
		{4CF44D59-F9A3-8D8A-1560-9E1C9C3DAA1F}.Release|Any CPU.Build.0 = Release|Any CPU
		{55CB3337-0D81-C8E4-C308-6C450141CF88}.Debug|Any CPU.ActiveCfg = Debug|Any CPU
		{55CB3337-0D81-C8E4-C308-6C450141CF88}.Debug|Any CPU.Build.0 = Debug|Any CPU
		{55CB3337-0D81-C8E4-C308-6C450141CF88}.Release|Any CPU.ActiveCfg = Release|Any CPU
		{55CB3337-0D81-C8E4-C308-6C450141CF88}.Release|Any CPU.Build.0 = Release|Any CPU
	EndGlobalSection
	GlobalSection(SolutionProperties) = preSolution
		HideSolutionNode = FALSE
	EndGlobalSection
	GlobalSection(MonoDevelopProperties) = preSolution
		StartupItem = Assembly-CSharp.csproj
	EndGlobalSection
EndGlobal
